
Microsoft Visual Studio Solution File, Format Version 12.00
# Visual Studio Version 17
VisualStudioVersion = 17.14.36414.22 d17.14
MinimumVisualStudioVersion = 10.0.40219.1
Project("{FAE04EC0-301F-11D3-BF4B-00C04F79EFBC}") = "martins.backend", "martins.backend\martins.backend.csproj", "{4E0DC279-7A92-471E-8945-978C8FEC83E3}"
EndProject
Project("{FAE04EC0-301F-11D3-BF4B-00C04F79EFBC}") = "Martins.Backend.Domain", "Martins.Backend.Domain\Martins.Backend.Domain.csproj", "{26C1452E-62B4-4301-B974-93D79FDF8488}"
EndProject
Project("{FAE04EC0-301F-11D3-BF4B-00C04F79EFBC}") = "Martins.Backend.Infrastructure.Repository", "Martins.Backend.Infrastructure.Repository\Martins.Backend.Infrastructure.Repository.csproj", "{E18EB659-B4CC-4046-8209-5F163EA93293}"
EndProject
Project("{2150E333-8FDC-42A3-9474-1A3956D46DE8}") = "1 - API", "1 - API", "{02EA681E-C7D8-13C7-8484-4AC65E1B71E8}"
EndProject
Project("{2150E333-8FDC-42A3-9474-1A3956D46DE8}") = "2 - Domain", "2 - Domain", "{71C718EF-9BF6-4178-838E-97F3086D4B60}"
EndProject
Project("{2150E333-8FDC-42A3-9474-1A3956D46DE8}") = "3 - Infrastructure", "3 - Infrastructure", "{9DED696C-5EBD-4C60-95AA-ADC300F83014}"
EndProject
Global
	GlobalSection(SolutionConfigurationPlatforms) = preSolution
		Debug|Any CPU = Debug|Any CPU
		Release|Any CPU = Release|Any CPU
	EndGlobalSection
	GlobalSection(ProjectConfigurationPlatforms) = postSolution
		{4E0DC279-7A92-471E-8945-978C8FEC83E3}.Debug|Any CPU.ActiveCfg = Debug|Any CPU
		{4E0DC279-7A92-471E-8945-978C8FEC83E3}.Debug|Any CPU.Build.0 = Debug|Any CPU
		{4E0DC279-7A92-471E-8945-978C8FEC83E3}.Release|Any CPU.ActiveCfg = Release|Any CPU
		{4E0DC279-7A92-471E-8945-978C8FEC83E3}.Release|Any CPU.Build.0 = Release|Any CPU
		{26C1452E-62B4-4301-B974-93D79FDF8488}.Debug|Any CPU.ActiveCfg = Debug|Any CPU
		{26C1452E-62B4-4301-B974-93D79FDF8488}.Debug|Any CPU.Build.0 = Debug|Any CPU
		{26C1452E-62B4-4301-B974-93D79FDF8488}.Release|Any CPU.ActiveCfg = Release|Any CPU
		{26C1452E-62B4-4301-B974-93D79FDF8488}.Release|Any CPU.Build.0 = Release|Any CPU
		{E18EB659-B4CC-4046-8209-5F163EA93293}.Debug|Any CPU.ActiveCfg = Debug|Any CPU
		{E18EB659-B4CC-4046-8209-5F163EA93293}.Debug|Any CPU.Build.0 = Debug|Any CPU
		{E18EB659-B4CC-4046-8209-5F163EA93293}.Release|Any CPU.ActiveCfg = Release|Any CPU
		{E18EB659-B4CC-4046-8209-5F163EA93293}.Release|Any CPU.Build.0 = Release|Any CPU
	EndGlobalSection
	GlobalSection(SolutionProperties) = preSolution
		HideSolutionNode = FALSE
	EndGlobalSection
	GlobalSection(NestedProjects) = preSolution
		{4E0DC279-7A92-471E-8945-978C8FEC83E3} = {02EA681E-C7D8-13C7-8484-4AC65E1B71E8}
		{26C1452E-62B4-4301-B974-93D79FDF8488} = {71C718EF-9BF6-4178-838E-97F3086D4B60}
		{E18EB659-B4CC-4046-8209-5F163EA93293} = {9DED696C-5EBD-4C60-95AA-ADC300F83014}
	EndGlobalSection
	GlobalSection(ExtensibilityGlobals) = postSolution
		SolutionGuid = {6B55CD50-E5F4-4FB4-812A-B972802F5142}
	EndGlobalSection
EndGlobal
